
Microsoft Visual Studio Solution File, Format Version 12.00
# Visual Studio Version 16
VisualStudioVersion = 16.0.31019.35
MinimumVisualStudioVersion = 10.0.40219.1
Project("{F184B08F-C81C-45F6-A57F-5ABD9991F28F}") = "MyTestApp", "MyTestApp\MyTestApp.vbproj", "{21EA7632-D132-4738-8E82-EEB1051660D2}"
EndProject
Global
	GlobalSection(SolutionConfigurationPlatforms) = preSolution
		Debug|Any CPU = Debug|Any CPU
		Release|Any CPU = Release|Any CPU
	EndGlobalSection
	GlobalSection(ProjectConfigurationPlatforms) = postSolution
		{21EA7632-D132-4738-8E82-EEB1051660D2}.Debug|Any CPU.ActiveCfg = Debug|Any CPU
		{21EA7632-D132-4738-8E82-EEB1051660D2}.Debug|Any CPU.Build.0 = Debug|Any CPU
		{21EA7632-D132-4738-8E82-EEB1051660D2}.Release|Any CPU.ActiveCfg = Release|Any CPU
		{21EA7632-D132-4738-8E82-EEB1051660D2}.Release|Any CPU.Build.0 = Release|Any CPU
	EndGlobalSection
	GlobalSection(SolutionProperties) = preSolution
		HideSolutionNode = FALSE
	EndGlobalSection
	GlobalSection(ExtensibilityGlobals) = postSolution
		SolutionGuid = {964DFCD4-683E-417D-B826-23AEE5FF6A15}
	EndGlobalSection
EndGlobal
